// !$*UTF8*$!
{
	archiveVersion = 1;
	classes = {
	};
	objectVersion = 55;
	objects = {

/* Begin PBXBuildFile section */
		A5BD0F6728B3509C009ADAFE /* AppDelegate.swift in Sources */ = {isa = PBXBuildFile; fileRef = A5BD0F6628B3509C009ADAFE /* AppDelegate.swift */; };
		A5BD0F6928B3509C009ADAFE /* SceneDelegate.swift in Sources */ = {isa = PBXBuildFile; fileRef = A5BD0F6828B3509C009ADAFE /* SceneDelegate.swift */; };
		A5BD0F6B28B3509C009ADAFE /* ViewController.swift in Sources */ = {isa = PBXBuildFile; fileRef = A5BD0F6A28B3509C009ADAFE /* ViewController.swift */; };
		A5BD0F6E28B3509C009ADAFE /* Main.storyboard in Resources */ = {isa = PBXBuildFile; fileRef = A5BD0F6C28B3509C009ADAFE /* Main.storyboard */; };
		A5BD0F7028B3509E009ADAFE /* Assets.xcassets in Resources */ = {isa = PBXBuildFile; fileRef = A5BD0F6F28B3509E009ADAFE /* Assets.xcassets */; };
		A5BD0F7328B3509E009ADAFE /* LaunchScreen.storyboard in Resources */ = {isa = PBXBuildFile; fileRef = A5BD0F7128B3509E009ADAFE /* LaunchScreen.storyboard */; };
		A5BD0F7E28B3509F009ADAFE /* Tip_CalculatorTests.swift in Sources */ = {isa = PBXBuildFile; fileRef = A5BD0F7D28B3509F009ADAFE /* Tip_CalculatorTests.swift */; };
		A5BD0F8828B3509F009ADAFE /* Tip_CalculatorUITests.swift in Sources */ = {isa = PBXBuildFile; fileRef = A5BD0F8728B3509F009ADAFE /* Tip_CalculatorUITests.swift */; };
		A5BD0F8A28B3509F009ADAFE /* Tip_CalculatorUITestsLaunchTests.swift in Sources */ = {isa = PBXBuildFile; fileRef = A5BD0F8928B3509F009ADAFE /* Tip_CalculatorUITestsLaunchTests.swift */; };
		A5BD0F9728B3622D009ADAFE /* SettingsViewController.swift in Sources */ = {isa = PBXBuildFile; fileRef = A5BD0F9628B3622D009ADAFE /* SettingsViewController.swift */; };
/* End PBXBuildFile section */

/* Begin PBXContainerItemProxy section */
		A5BD0F7A28B3509F009ADAFE /* PBXContainerItemProxy */ = {
			isa = PBXContainerItemProxy;
			containerPortal = A5BD0F5B28B3509C009ADAFE /* Project object */;
			proxyType = 1;
			remoteGlobalIDString = A5BD0F6228B3509C009ADAFE;
			remoteInfo = "Tip Calculator";
		};
		A5BD0F8428B3509F009ADAFE /* PBXContainerItemProxy */ = {
			isa = PBXContainerItemProxy;
			containerPortal = A5BD0F5B28B3509C009ADAFE /* Project object */;
			proxyType = 1;
			remoteGlobalIDString = A5BD0F6228B3509C009ADAFE;
			remoteInfo = "Tip Calculator";
		};
/* End PBXContainerItemProxy section */

/* Begin PBXFileReference section */
		A5BD0F6328B3509C009ADAFE /* Tip Calculator.app */ = {isa = PBXFileReference; explicitFileType = wrapper.application; includeInIndex = 0; path = "Tip Calculator.app"; sourceTree = BUILT_PRODUCTS_DIR; };
		A5BD0F6628B3509C009ADAFE /* AppDelegate.swift */ = {isa = PBXFileReference; lastKnownFileType = sourcecode.swift; path = AppDelegate.swift; sourceTree = "<group>"; };
		A5BD0F6828B3509C009ADAFE /* SceneDelegate.swift */ = {isa = PBXFileReference; lastKnownFileType = sourcecode.swift; path = SceneDelegate.swift; sourceTree = "<group>"; };
		A5BD0F6A28B3509C009ADAFE /* ViewController.swift */ = {isa = PBXFileReference; lastKnownFileType = sourcecode.swift; path = ViewController.swift; sourceTree = "<group>"; };
		A5BD0F6D28B3509C009ADAFE /* Base */ = {isa = PBXFileReference; lastKnownFileType = file.storyboard; name = Base; path = Base.lproj/Main.storyboard; sourceTree = "<group>"; };
		A5BD0F6F28B3509E009ADAFE /* Assets.xcassets */ = {isa = PBXFileReference; lastKnownFileType = folder.assetcatalog; path = Assets.xcassets; sourceTree = "<group>"; };
		A5BD0F7228B3509E009ADAFE /* Base */ = {isa = PBXFileReference; lastKnownFileType = file.storyboard; name = Base; path = Base.lproj/LaunchScreen.storyboard; sourceTree = "<group>"; };
		A5BD0F7428B3509E009ADAFE /* Info.plist */ = {isa = PBXFileReference; lastKnownFileType = text.plist.xml; path = Info.plist; sourceTree = "<group>"; };
		A5BD0F7928B3509F009ADAFE /* Tip CalculatorTests.xctest */ = {isa = PBXFileReference; explicitFileType = wrapper.cfbundle; includeInIndex = 0; path = "Tip CalculatorTests.xctest"; sourceTree = BUILT_PRODUCTS_DIR; };
		A5BD0F7D28B3509F009ADAFE /* Tip_CalculatorTests.swift */ = {isa = PBXFileReference; lastKnownFileType = sourcecode.swift; path = Tip_CalculatorTests.swift; sourceTree = "<group>"; };
		A5BD0F8328B3509F009ADAFE /* Tip CalculatorUITests.xctest */ = {isa = PBXFileReference; explicitFileType = wrapper.cfbundle; includeInIndex = 0; path = "Tip CalculatorUITests.xctest"; sourceTree = BUILT_PRODUCTS_DIR; };
		A5BD0F8728B3509F009ADAFE /* Tip_CalculatorUITests.swift */ = {isa = PBXFileReference; lastKnownFileType = sourcecode.swift; path = Tip_CalculatorUITests.swift; sourceTree = "<group>"; };
		A5BD0F8928B3509F009ADAFE /* Tip_CalculatorUITestsLaunchTests.swift */ = {isa = PBXFileReference; lastKnownFileType = sourcecode.swift; path = Tip_CalculatorUITestsLaunchTests.swift; sourceTree = "<group>"; };
		A5BD0F9628B3622D009ADAFE /* SettingsViewController.swift */ = {isa = PBXFileReference; lastKnownFileType = sourcecode.swift; path = SettingsViewController.swift; sourceTree = "<group>"; };
/* End PBXFileReference section */

/* Begin PBXFrameworksBuildPhase section */
		A5BD0F6028B3509C009ADAFE /* Frameworks */ = {
			isa = PBXFrameworksBuildPhase;
			buildActionMask = 2147483647;
			files = (
			);
			runOnlyForDeploymentPostprocessing = 0;
		};
		A5BD0F7628B3509F009ADAFE /* Frameworks */ = {
			isa = PBXFrameworksBuildPhase;
			buildActionMask = 2147483647;
			files = (
			);
			runOnlyForDeploymentPostprocessing = 0;
		};
		A5BD0F8028B3509F009ADAFE /* Frameworks */ = {
			isa = PBXFrameworksBuildPhase;
			buildActionMask = 2147483647;
			files = (
			);
			runOnlyForDeploymentPostprocessing = 0;
		};
/* End PBXFrameworksBuildPhase section */

/* Begin PBXGroup section */
		A5BD0F5A28B3509C009ADAFE = {
			isa = PBXGroup;
			children = (
				A5BD0F6528B3509C009ADAFE /* Tip Calculator */,
				A5BD0F7C28B3509F009ADAFE /* Tip CalculatorTests */,
				A5BD0F8628B3509F009ADAFE /* Tip CalculatorUITests */,
				A5BD0F6428B3509C009ADAFE /* Products */,
			);
			sourceTree = "<group>";
		};
		A5BD0F6428B3509C009ADAFE /* Products */ = {
			isa = PBXGroup;
			children = (
				A5BD0F6328B3509C009ADAFE /* Tip Calculator.app */,
				A5BD0F7928B3509F009ADAFE /* Tip CalculatorTests.xctest */,
				A5BD0F8328B3509F009ADAFE /* Tip CalculatorUITests.xctest */,
			);
			name = Products;
			sourceTree = "<group>";
		};
		A5BD0F6528B3509C009ADAFE /* Tip Calculator */ = {
			isa = PBXGroup;
			children = (
				A5BD0F6628B3509C009ADAFE /* AppDelegate.swift */,
				A5BD0F6828B3509C009ADAFE /* SceneDelegate.swift */,
				A5BD0F6A28B3509C009ADAFE /* ViewController.swift */,
				A5BD0F6C28B3509C009ADAFE /* Main.storyboard */,
				A5BD0F9628B3622D009ADAFE /* SettingsViewController.swift */,
				A5BD0F6F28B3509E009ADAFE /* Assets.xcassets */,
				A5BD0F7128B3509E009ADAFE /* LaunchScreen.storyboard */,
				A5BD0F7428B3509E009ADAFE /* Info.plist */,
			);
			path = "Tip Calculator";
			sourceTree = "<group>";
		};
		A5BD0F7C28B3509F009ADAFE /* Tip CalculatorTests */ = {
			isa = PBXGroup;
			children = (
				A5BD0F7D28B3509F009ADAFE /* Tip_CalculatorTests.swift */,
			);
			path = "Tip CalculatorTests";
			sourceTree = "<group>";
		};
		A5BD0F8628B3509F009ADAFE /* Tip CalculatorUITests */ = {
			isa = PBXGroup;
			children = (
				A5BD0F8728B3509F009ADAFE /* Tip_CalculatorUITests.swift */,
				A5BD0F8928B3509F009ADAFE /* Tip_CalculatorUITestsLaunchTests.swift */,
			);
			path = "Tip CalculatorUITests";
			sourceTree = "<group>";
		};
/* End PBXGroup section */

/* Begin PBXNativeTarget section */
		A5BD0F6228B3509C009ADAFE /* Tip Calculator */ = {
			isa = PBXNativeTarget;
			buildConfigurationList = A5BD0F8D28B3509F009ADAFE /* Build configuration list for PBXNativeTarget "Tip Calculator" */;
			buildPhases = (
				A5BD0F5F28B3509C009ADAFE /* Sources */,
				A5BD0F6028B3509C009ADAFE /* Frameworks */,
				A5BD0F6128B3509C009ADAFE /* Resources */,
			);
			buildRules = (
			);
			dependencies = (
			);
			name = "Tip Calculator";
			productName = "Tip Calculator";
			productReference = A5BD0F6328B3509C009ADAFE /* Tip Calculator.app */;
			productType = "com.apple.product-type.application";
		};
		A5BD0F7828B3509F009ADAFE /* Tip CalculatorTests */ = {
			isa = PBXNativeTarget;
			buildConfigurationList = A5BD0F9028B3509F009ADAFE /* Build configuration list for PBXNativeTarget "Tip CalculatorTests" */;
			buildPhases = (
				A5BD0F7528B3509F009ADAFE /* Sources */,
				A5BD0F7628B3509F009ADAFE /* Frameworks */,
				A5BD0F7728B3509F009ADAFE /* Resources */,
			);
			buildRules = (
			);
			dependencies = (
				A5BD0F7B28B3509F009ADAFE /* PBXTargetDependency */,
			);
			name = "Tip CalculatorTests";
			productName = "Tip CalculatorTests";
			productReference = A5BD0F7928B3509F009ADAFE /* Tip CalculatorTests.xctest */;
			productType = "com.apple.product-type.bundle.unit-test";
		};
		A5BD0F8228B3509F009ADAFE /* Tip CalculatorUITests */ = {
			isa = PBXNativeTarget;
			buildConfigurationList = A5BD0F9328B3509F009ADAFE /* Build configuration list for PBXNativeTarget "Tip CalculatorUITests" */;
			buildPhases = (
				A5BD0F7F28B3509F009ADAFE /* Sources */,
				A5BD0F8028B3509F009ADAFE /* Frameworks */,
				A5BD0F8128B3509F009ADAFE /* Resources */,
			);
			buildRules = (
			);
			dependencies = (
				A5BD0F8528B3509F009ADAFE /* PBXTargetDependency */,
			);
			name = "Tip CalculatorUITests";
			productName = "Tip CalculatorUITests";
			productReference = A5BD0F8328B3509F009ADAFE /* Tip CalculatorUITests.xctest */;
			productType = "com.apple.product-type.bundle.ui-testing";
		};
/* End PBXNativeTarget section */

/* Begin PBXProject section */
		A5BD0F5B28B3509C009ADAFE /* Project object */ = {
			isa = PBXProject;
			attributes = {
				BuildIndependentTargetsInParallel = 1;
				LastSwiftUpdateCheck = 1340;
				LastUpgradeCheck = 1340;
				TargetAttributes = {
					A5BD0F6228B3509C009ADAFE = {
						CreatedOnToolsVersion = 13.4.1;
					};
					A5BD0F7828B3509F009ADAFE = {
						CreatedOnToolsVersion = 13.4.1;
						TestTargetID = A5BD0F6228B3509C009ADAFE;
					};
					A5BD0F8228B3509F009ADAFE = {
						CreatedOnToolsVersion = 13.4.1;
						TestTargetID = A5BD0F6228B3509C009ADAFE;
					};
				};
			};
			buildConfigurationList = A5BD0F5E28B3509C009ADAFE /* Build configuration list for PBXProject "Tip Calculator" */;
			compatibilityVersion = "Xcode 13.0";
			developmentRegion = en;
			hasScannedForEncodings = 0;
			knownRegions = (
				en,
				Base,
			);
			mainGroup = A5BD0F5A28B3509C009ADAFE;
			productRefGroup = A5BD0F6428B3509C009ADAFE /* Products */;
			projectDirPath = "";
			projectRoot = "";
			targets = (
				A5BD0F6228B3509C009ADAFE /* Tip Calculator */,
				A5BD0F7828B3509F009ADAFE /* Tip CalculatorTests */,
				A5BD0F8228B3509F009ADAFE /* Tip CalculatorUITests */,
			);
		};
/* End PBXProject section */

/* Begin PBXResourcesBuildPhase section */
		A5BD0F6128B3509C009ADAFE /* Resources */ = {
			isa = PBXResourcesBuildPhase;
			buildActionMask = 2147483647;
			files = (
				A5BD0F7328B3509E009ADAFE /* LaunchScreen.storyboard in Resources */,
				A5BD0F7028B3509E009ADAFE /* Assets.xcassets in Resources */,
				A5BD0F6E28B3509C009ADAFE /* Main.storyboard in Resources */,
			);
			runOnlyForDeploymentPostprocessing = 0;
		};
		A5BD0F7728B3509F009ADAFE /* Resources */ = {
			isa = PBXResourcesBuildPhase;
			buildActionMask = 2147483647;
			files = (
			);
			runOnlyForDeploymentPostprocessing = 0;
		};
		A5BD0F8128B3509F009ADAFE /* Resources */ = {
			isa = PBXResourcesBuildPhase;
			buildActionMask = 2147483647;
			files = (
			);
			runOnlyForDeploymentPostprocessing = 0;
		};
/* End PBXResourcesBuildPhase section */

/* Begin PBXSourcesBuildPhase section */
		A5BD0F5F28B3509C009ADAFE /* Sources */ = {
			isa = PBXSourcesBuildPhase;
			buildActionMask = 2147483647;
			files = (
				A5BD0F6B28B3509C009ADAFE /* ViewController.swift in Sources */,
				A5BD0F6728B3509C009ADAFE /* AppDelegate.swift in Sources */,
				A5BD0F6928B3509C009ADAFE /* SceneDelegate.swift in Sources */,
				A5BD0F9728B3622D009ADAFE /* SettingsViewController.swift in Sources */,
			);
			runOnlyForDeploymentPostprocessing = 0;
		};
		A5BD0F7528B3509F009ADAFE /* Sources */ = {
			isa = PBXSourcesBuildPhase;
			buildActionMask = 2147483647;
			files = (
				A5BD0F7E28B3509F009ADAFE /* Tip_CalculatorTests.swift in Sources */,
			);
			runOnlyForDeploymentPostprocessing = 0;
		};
		A5BD0F7F28B3509F009ADAFE /* Sources */ = {
			isa = PBXSourcesBuildPhase;
			buildActionMask = 2147483647;
			files = (
				A5BD0F8A28B3509F009ADAFE /* Tip_CalculatorUITestsLaunchTests.swift in Sources */,
				A5BD0F8828B3509F009ADAFE /* Tip_CalculatorUITests.swift in Sources */,
			);
			runOnlyForDeploymentPostprocessing = 0;
		};
/* End PBXSourcesBuildPhase section */

/* Begin PBXTargetDependency section */
		A5BD0F7B28B3509F009ADAFE /* PBXTargetDependency */ = {
			isa = PBXTargetDependency;
			target = A5BD0F6228B3509C009ADAFE /* Tip Calculator */;
			targetProxy = A5BD0F7A28B3509F009ADAFE /* PBXContainerItemProxy */;
		};
		A5BD0F8528B3509F009ADAFE /* PBXTargetDependency */ = {
			isa = PBXTargetDependency;
			target = A5BD0F6228B3509C009ADAFE /* Tip Calculator */;
			targetProxy = A5BD0F8428B3509F009ADAFE /* PBXContainerItemProxy */;
		};
/* End PBXTargetDependency section */

/* Begin PBXVariantGroup section */
		A5BD0F6C28B3509C009ADAFE /* Main.storyboard */ = {
			isa = PBXVariantGroup;
			children = (
				A5BD0F6D28B3509C009ADAFE /* Base */,
			);
			name = Main.storyboard;
			sourceTree = "<group>";
		};
		A5BD0F7128B3509E009ADAFE /* LaunchScreen.storyboard */ = {
			isa = PBXVariantGroup;
			children = (
				A5BD0F7228B3509E009ADAFE /* Base */,
			);
			name = LaunchScreen.storyboard;
			sourceTree = "<group>";
		};
/* End PBXVariantGroup section */

/* Begin XCBuildConfiguration section */
		A5BD0F8B28B3509F009ADAFE /* Debug */ = {
			isa = XCBuildConfiguration;
			buildSettings = {
				ALWAYS_SEARCH_USER_PATHS = NO;
				CLANG_ANALYZER_NONNULL = YES;
				CLANG_ANALYZER_NUMBER_OBJECT_CONVERSION = YES_AGGRESSIVE;
				CLANG_CXX_LANGUAGE_STANDARD = "gnu++17";
				CLANG_ENABLE_MODULES = YES;
				CLANG_ENABLE_OBJC_ARC = YES;
				CLANG_ENABLE_OBJC_WEAK = YES;
				CLANG_WARN_BLOCK_CAPTURE_AUTORELEASING = YES;
				CLANG_WARN_BOOL_CONVERSION = YES;
				CLANG_WARN_COMMA = YES;
				CLANG_WARN_CONSTANT_CONVERSION = YES;
				CLANG_WARN_DEPRECATED_OBJC_IMPLEMENTATIONS = YES;
				CLANG_WARN_DIRECT_OBJC_ISA_USAGE = YES_ERROR;
				CLANG_WARN_DOCUMENTATION_COMMENTS = YES;
				CLANG_WARN_EMPTY_BODY = YES;
				CLANG_WARN_ENUM_CONVERSION = YES;
				CLANG_WARN_INFINITE_RECURSION = YES;
				CLANG_WARN_INT_CONVERSION = YES;
				CLANG_WARN_NON_LITERAL_NULL_CONVERSION = YES;
				CLANG_WARN_OBJC_IMPLICIT_RETAIN_SELF = YES;
				CLANG_WARN_OBJC_LITERAL_CONVERSION = YES;
				CLANG_WARN_OBJC_ROOT_CLASS = YES_ERROR;
				CLANG_WARN_QUOTED_INCLUDE_IN_FRAMEWORK_HEADER = YES;
				CLANG_WARN_RANGE_LOOP_ANALYSIS = YES;
				CLANG_WARN_STRICT_PROTOTYPES = YES;
				CLANG_WARN_SUSPICIOUS_MOVE = YES;
				CLANG_WARN_UNGUARDED_AVAILABILITY = YES_AGGRESSIVE;
				CLANG_WARN_UNREACHABLE_CODE = YES;
				CLANG_WARN__DUPLICATE_METHOD_MATCH = YES;
				COPY_PHASE_STRIP = NO;
				DEBUG_INFORMATION_FORMAT = dwarf;
				ENABLE_STRICT_OBJC_MSGSEND = YES;
				ENABLE_TESTABILITY = YES;
				GCC_C_LANGUAGE_STANDARD = gnu11;
				GCC_DYNAMIC_NO_PIC = NO;
				GCC_NO_COMMON_BLOCKS = YES;
				GCC_OPTIMIZATION_LEVEL = 0;
				GCC_PREPROCESSOR_DEFINITIONS = (
					"DEBUG=1",
					"$(inherited)",
				);
				GCC_WARN_64_TO_32_BIT_CONVERSION = YES;
				GCC_WARN_ABOUT_RETURN_TYPE = YES_ERROR;
				GCC_WARN_UNDECLARED_SELECTOR = YES;
				GCC_WARN_UNINITIALIZED_AUTOS = YES_AGGRESSIVE;
				GCC_WARN_UNUSED_FUNCTION = YES;
				GCC_WARN_UNUSED_VARIABLE = YES;
				IPHONEOS_DEPLOYMENT_TARGET = 15.5;
				MTL_ENABLE_DEBUG_INFO = INCLUDE_SOURCE;
				MTL_FAST_MATH = YES;
				ONLY_ACTIVE_ARCH = YES;
				SDKROOT = iphoneos;
				SWIFT_ACTIVE_COMPILATION_CONDITIONS = DEBUG;
				SWIFT_OPTIMIZATION_LEVEL = "-Onone";
			};
			name = Debug;
		};
		A5BD0F8C28B3509F009ADAFE /* Release */ = {
			isa = XCBuildConfiguration;
			buildSettings = {
				ALWAYS_SEARCH_USER_PATHS = NO;
				CLANG_ANALYZER_NONNULL = YES;
				CLANG_ANALYZER_NUMBER_OBJECT_CONVERSION = YES_AGGRESSIVE;
				CLANG_CXX_LANGUAGE_STANDARD = "gnu++17";
				CLANG_ENABLE_MODULES = YES;
				CLANG_ENABLE_OBJC_ARC = YES;
				CLANG_ENABLE_OBJC_WEAK = YES;
				CLANG_WARN_BLOCK_CAPTURE_AUTORELEASING = YES;
				CLANG_WARN_BOOL_CONVERSION = YES;
				CLANG_WARN_COMMA = YES;
				CLANG_WARN_CONSTANT_CONVERSION = YES;
				CLANG_WARN_DEPRECATED_OBJC_IMPLEMENTATIONS = YES;
				CLANG_WARN_DIRECT_OBJC_ISA_USAGE = YES_ERROR;
				CLANG_WARN_DOCUMENTATION_COMMENTS = YES;
				CLANG_WARN_EMPTY_BODY = YES;
				CLANG_WARN_ENUM_CONVERSION = YES;
				CLANG_WARN_INFINITE_RECURSION = YES;
				CLANG_WARN_INT_CONVERSION = YES;
				CLANG_WARN_NON_LITERAL_NULL_CONVERSION = YES;
				CLANG_WARN_OBJC_IMPLICIT_RETAIN_SELF = YES;
				CLANG_WARN_OBJC_LITERAL_CONVERSION = YES;
				CLANG_WARN_OBJC_ROOT_CLASS = YES_ERROR;
				CLANG_WARN_QUOTED_INCLUDE_IN_FRAMEWORK_HEADER = YES;
				CLANG_WARN_RANGE_LOOP_ANALYSIS = YES;
				CLANG_WARN_STRICT_PROTOTYPES = YES;
				CLANG_WARN_SUSPICIOUS_MOVE = YES;
				CLANG_WARN_UNGUARDED_AVAILABILITY = YES_AGGRESSIVE;
				CLANG_WARN_UNREACHABLE_CODE = YES;
				CLANG_WARN__DUPLICATE_METHOD_MATCH = YES;
				COPY_PHASE_STRIP = NO;
				DEBUG_INFORMATION_FORMAT = "dwarf-with-dsym";
				ENABLE_NS_ASSERTIONS = NO;
				ENABLE_STRICT_OBJC_MSGSEND = YES;
				GCC_C_LANGUAGE_STANDARD = gnu11;
				GCC_NO_COMMON_BLOCKS = YES;
				GCC_WARN_64_TO_32_BIT_CONVERSION = YES;
				GCC_WARN_ABOUT_RETURN_TYPE = YES_ERROR;
				GCC_WARN_UNDECLARED_SELECTOR = YES;
				GCC_WARN_UNINITIALIZED_AUTOS = YES_AGGRESSIVE;
				GCC_WARN_UNUSED_FUNCTION = YES;
				GCC_WARN_UNUSED_VARIABLE = YES;
				IPHONEOS_DEPLOYMENT_TARGET = 15.5;
				MTL_ENABLE_DEBUG_INFO = NO;
				MTL_FAST_MATH = YES;
				SDKROOT = iphoneos;
				SWIFT_COMPILATION_MODE = wholemodule;
				SWIFT_OPTIMIZATION_LEVEL = "-O";
				VALIDATE_PRODUCT = YES;
			};
			name = Release;
		};
		A5BD0F8E28B3509F009ADAFE /* Debug */ = {
			isa = XCBuildConfiguration;
			buildSettings = {
				ASSETCATALOG_COMPILER_APPICON_NAME = AppIcon;
				ASSETCATALOG_COMPILER_GLOBAL_ACCENT_COLOR_NAME = AccentColor;
				CODE_SIGN_STYLE = Automatic;
				CURRENT_PROJECT_VERSION = 1;
				GENERATE_INFOPLIST_FILE = YES;
				INFOPLIST_FILE = "Tip Calculator/Info.plist";
				INFOPLIST_KEY_UIApplicationSupportsIndirectInputEvents = YES;
				INFOPLIST_KEY_UILaunchStoryboardName = LaunchScreen;
				INFOPLIST_KEY_UIMainStoryboardFile = Main;
				INFOPLIST_KEY_UISupportedInterfaceOrientations_iPad = "UIInterfaceOrientationPortrait UIInterfaceOrientationPortraitUpsideDown UIInterfaceOrientationLandscapeLeft UIInterfaceOrientationLandscapeRight";
				INFOPLIST_KEY_UISupportedInterfaceOrientations_iPhone = "UIInterfaceOrientationPortrait UIInterfaceOrientationLandscapeLeft UIInterfaceOrientationLandscapeRight";
				LD_RUNPATH_SEARCH_PATHS = (
					"$(inherited)",
					"@executable_path/Frameworks",
				);
				MARKETING_VERSION = 1.0;
				PRODUCT_BUNDLE_IDENTIFIER = "memo.com.Tip-Calculator";
				PRODUCT_NAME = "$(TARGET_NAME)";
				SWIFT_EMIT_LOC_STRINGS = YES;
				SWIFT_VERSION = 5.0;
				TARGETED_DEVICE_FAMILY = "1,2";
			};
			name = Debug;
		};
		A5BD0F8F28B3509F009ADAFE /* Release */ = {
			isa = XCBuildConfiguration;
			buildSettings = {
				ASSETCATALOG_COMPILER_APPICON_NAME = AppIcon;
				ASSETCATALOG_COMPILER_GLOBAL_ACCENT_COLOR_NAME = AccentColor;
				CODE_SIGN_STYLE = Automatic;
				CURRENT_PROJECT_VERSION = 1;
				GENERATE_INFOPLIST_FILE = YES;
				INFOPLIST_FILE = "Tip Calculator/Info.plist";
				INFOPLIST_KEY_UIApplicationSupportsIndirectInputEvents = YES;
				INFOPLIST_KEY_UILaunchStoryboardName = LaunchScreen;
				INFOPLIST_KEY_UIMainStoryboardFile = Main;
				INFOPLIST_KEY_UISupportedInterfaceOrientations_iPad = "UIInterfaceOrientationPortrait UIInterfaceOrientationPortraitUpsideDown UIInterfaceOrientationLandscapeLeft UIInterfaceOrientationLandscapeRight";
				INFOPLIST_KEY_UISupportedInterfaceOrientations_iPhone = "UIInterfaceOrientationPortrait UIInterfaceOrientationLandscapeLeft UIInterfaceOrientationLandscapeRight";
				LD_RUNPATH_SEARCH_PATHS = (
					"$(inherited)",
					"@executable_path/Frameworks",
				);
				MARKETING_VERSION = 1.0;
				PRODUCT_BUNDLE_IDENTIFIER = "memo.com.Tip-Calculator";
				PRODUCT_NAME = "$(TARGET_NAME)";
				SWIFT_EMIT_LOC_STRINGS = YES;
				SWIFT_VERSION = 5.0;
				TARGETED_DEVICE_FAMILY = "1,2";
			};
			name = Release;
		};
		A5BD0F9128B3509F009ADAFE /* Debug */ = {
			isa = XCBuildConfiguration;
			buildSettings = {
				ALWAYS_EMBED_SWIFT_STANDARD_LIBRARIES = YES;
				BUNDLE_LOADER = "$(TEST_HOST)";
				CODE_SIGN_STYLE = Automatic;
				CURRENT_PROJECT_VERSION = 1;
				GENERATE_INFOPLIST_FILE = YES;
				IPHONEOS_DEPLOYMENT_TARGET = 15.5;
				MARKETING_VERSION = 1.0;
				PRODUCT_BUNDLE_IDENTIFIER = "memo.com.Tip-CalculatorTests";
				PRODUCT_NAME = "$(TARGET_NAME)";
				SWIFT_EMIT_LOC_STRINGS = NO;
				SWIFT_VERSION = 5.0;
				TARGETED_DEVICE_FAMILY = "1,2";
				TEST_HOST = "$(BUILT_PRODUCTS_DIR)/Tip Calculator.app/Tip Calculator";
			};
			name = Debug;
		};
		A5BD0F9228B3509F009ADAFE /* Release */ = {
			isa = XCBuildConfiguration;
			buildSettings = {
				ALWAYS_EMBED_SWIFT_STANDARD_LIBRARIES = YES;
				BUNDLE_LOADER = "$(TEST_HOST)";
				CODE_SIGN_STYLE = Automatic;
				CURRENT_PROJECT_VERSION = 1;
				GENERATE_INFOPLIST_FILE = YES;
				IPHONEOS_DEPLOYMENT_TARGET = 15.5;
				MARKETING_VERSION = 1.0;
				PRODUCT_BUNDLE_IDENTIFIER = "memo.com.Tip-CalculatorTests";
				PRODUCT_NAME = "$(TARGET_NAME)";
				SWIFT_EMIT_LOC_STRINGS = NO;
				SWIFT_VERSION = 5.0;
				TARGETED_DEVICE_FAMILY = "1,2";
				TEST_HOST = "$(BUILT_PRODUCTS_DIR)/Tip Calculator.app/Tip Calculator";
			};
			name = Release;
		};
		A5BD0F9428B3509F009ADAFE /* Debug */ = {
			isa = XCBuildConfiguration;
			buildSettings = {
				ALWAYS_EMBED_SWIFT_STANDARD_LIBRARIES = YES;
				CODE_SIGN_STYLE = Automatic;
				CURRENT_PROJECT_VERSION = 1;
				GENERATE_INFOPLIST_FILE = YES;
				MARKETING_VERSION = 1.0;
				PRODUCT_BUNDLE_IDENTIFIER = "memo.com.Tip-CalculatorUITests";
				PRODUCT_NAME = "$(TARGET_NAME)";
				SWIFT_EMIT_LOC_STRINGS = NO;
				SWIFT_VERSION = 5.0;
				TARGETED_DEVICE_FAMILY = "1,2";
				TEST_TARGET_NAME = "Tip Calculator";
			};
			name = Debug;
		};
		A5BD0F9528B3509F009ADAFE /* Release */ = {
			isa = XCBuildConfiguration;
			buildSettings = {
				ALWAYS_EMBED_SWIFT_STANDARD_LIBRARIES = YES;
				CODE_SIGN_STYLE = Automatic;
				CURRENT_PROJECT_VERSION = 1;
				GENERATE_INFOPLIST_FILE = YES;
				MARKETING_VERSION = 1.0;
				PRODUCT_BUNDLE_IDENTIFIER = "memo.com.Tip-CalculatorUITests";
				PRODUCT_NAME = "$(TARGET_NAME)";
				SWIFT_EMIT_LOC_STRINGS = NO;
				SWIFT_VERSION = 5.0;
				TARGETED_DEVICE_FAMILY = "1,2";
				TEST_TARGET_NAME = "Tip Calculator";
			};
			name = Release;
		};
/* End XCBuildConfiguration section */

/* Begin XCConfigurationList section */
		A5BD0F5E28B3509C009ADAFE /* Build configuration list for PBXProject "Tip Calculator" */ = {
			isa = XCConfigurationList;
			buildConfigurations = (
				A5BD0F8B28B3509F009ADAFE /* Debug */,
				A5BD0F8C28B3509F009ADAFE /* Release */,
			);
			defaultConfigurationIsVisible = 0;
			defaultConfigurationName = Release;
		};
		A5BD0F8D28B3509F009ADAFE /* Build configuration list for PBXNativeTarget "Tip Calculator" */ = {
			isa = XCConfigurationList;
			buildConfigurations = (
				A5BD0F8E28B3509F009ADAFE /* Debug */,
				A5BD0F8F28B3509F009ADAFE /* Release */,
			);
			defaultConfigurationIsVisible = 0;
			defaultConfigurationName = Release;
		};
		A5BD0F9028B3509F009ADAFE /* Build configuration list for PBXNativeTarget "Tip CalculatorTests" */ = {
			isa = XCConfigurationList;
			buildConfigurations = (
				A5BD0F9128B3509F009ADAFE /* Debug */,
				A5BD0F9228B3509F009ADAFE /* Release */,
			);
			defaultConfigurationIsVisible = 0;
			defaultConfigurationName = Release;
		};
		A5BD0F9328B3509F009ADAFE /* Build configuration list for PBXNativeTarget "Tip CalculatorUITests" */ = {
			isa = XCConfigurationList;
			buildConfigurations = (
				A5BD0F9428B3509F009ADAFE /* Debug */,
				A5BD0F9528B3509F009ADAFE /* Release */,
			);
			defaultConfigurationIsVisible = 0;
			defaultConfigurationName = Release;
		};
/* End XCConfigurationList section */
	};
	rootObject = A5BD0F5B28B3509C009ADAFE /* Project object */;
}
